<?xml version="1.0" encoding="utf-8"?>
<Project ToolsVersion="4.0" xmlns="http://schemas.microsoft.com/developer/msbuild/2003">
  <ItemGroup>
    <Filter Include="Исходные файлы">
      <UniqueIdentifier>{4FC737F1-C7A5-4376-A066-2A32D752A2FF}</UniqueIdentifier>
      <Extensions>cpp;c;cc;cxx;c++;cppm;ixx;def;odl;idl;hpj;bat;asm;asmx</Extensions>
    </Filter>
    <Filter Include="Файлы заголовков">
      <UniqueIdentifier>{93995380-89BD-4b04-88EB-625FBE52EBFB}</UniqueIdentifier>
      <Extensions>h;hh;hpp;hxx;h++;hm;inl;inc;ipp;xsd</Extensions>
    </Filter>
    <Filter Include="Файлы ресурсов">
      <UniqueIdentifier>{67DA6AB6-F800-4c08-8B7A-83BB121AAD01}</UniqueIdentifier>
      <Extensions>rc;ico;cur;bmp;dlg;rc2;rct;bin;rgs;gif;jpg;jpeg;jpe;resx;tiff;tif;png;wav;mfcribbon-ms</Extensions>
    </Filter>
    <Filter Include="aquaLib">
      <UniqueIdentifier>{1792957d-7212-4318-8247-3af43edb6331}</UniqueIdentifier>
    </Filter>
    <Filter Include="Файлы ресурсов\oop">
      <UniqueIdentifier>{30aea2df-668d-481b-af5a-2dcd1e007872}</UniqueIdentifier>
    </Filter>
    <Filter Include="Файлы ресурсов\test">
      <UniqueIdentifier>{a75329e0-7355-4179-a656-a94ad5c61010}</UniqueIdentifier>
    </Filter>
    <Filter Include="Файлы ресурсов\crypto">
      <UniqueIdentifier>{f9612c73-8a87-460f-a4c9-90c10241cffe}</UniqueIdentifier>
    </Filter>
  </ItemGroup>
  <ItemGroup>
    <ClCompile Include="main.c">
      <Filter>Исходные файлы</Filter>
    </ClCompile>
    <ClCompile Include="aquaLib\DebugUtils.c">
      <Filter>aquaLib</Filter>
    </ClCompile>
    <ClCompile Include="aquaLib\DynamicList.c">
      <Filter>aquaLib</Filter>
    </ClCompile>
    <ClCompile Include="aquaLib\FileUtils.c">
      <Filter>aquaLib</Filter>
    </ClCompile>
    <ClCompile Include="aquaLib\StringUtils.c">
      <Filter>aquaLib</Filter>
    </ClCompile>
    <ClCompile Include="Person.c">
      <Filter>Файлы ресурсов\test</Filter>
    </ClCompile>
    <ClCompile Include="aquaLib\Storage.c">
      <Filter>Файлы ресурсов\oop</Filter>
    </ClCompile>
    <ClCompile Include="cryptoLib\NativeCrypto.c">
      <Filter>Файлы ресурсов\crypto</Filter>
    </ClCompile>
  </ItemGroup>
  <ItemGroup>
    <ClInclude Include="aquaLib\DebugUtils.h">
      <Filter>aquaLib</Filter>
    </ClInclude>
    <ClInclude Include="aquaLib\DynamicList.h">
      <Filter>aquaLib</Filter>
    </ClInclude>
    <ClInclude Include="aquaLib\FileUtils.h">
      <Filter>aquaLib</Filter>
    </ClInclude>
    <ClInclude Include="aquaLib\StringUtils.h">
      <Filter>aquaLib</Filter>
    </ClInclude>
    <ClInclude Include="pch.h">
      <Filter>Файлы заголовков</Filter>
    </ClInclude>
    <ClInclude Include="Person.h">
      <Filter>Файлы ресурсов\test</Filter>
    </ClInclude>
    <ClInclude Include="aquaLib\Storage.h">
      <Filter>Файлы ресурсов\oop</Filter>
    </ClInclude>
    <ClInclude Include="cryptoLib\NativeCrypto.h">
      <Filter>Файлы ресурсов\crypto</Filter>
    </ClInclude>
  </ItemGroup>
</Project>